
Microsoft Visual Studio Solution File, Format Version 12.00
# Visual Studio Version 17
VisualStudioVersion = 17.10.34916.146
MinimumVisualStudioVersion = 10.0.40219.1
Project("{FAE04EC0-301F-11D3-BF4B-00C04F79EFBC}") = "ContactManagement.API", "ContactManagement.API\ContactManagement.API.csproj", "{52CCF782-B1B9-4359-A9D6-4F3851A79151}"
EndProject
Global
	GlobalSection(SolutionConfigurationPlatforms) = preSolution
		Debug|Any CPU = Debug|Any CPU
		Release|Any CPU = Release|Any CPU
	EndGlobalSection
	GlobalSection(ProjectConfigurationPlatforms) = postSolution
		{52CCF782-B1B9-4359-A9D6-4F3851A79151}.Debug|Any CPU.ActiveCfg = Debug|Any CPU
		{52CCF782-B1B9-4359-A9D6-4F3851A79151}.Debug|Any CPU.Build.0 = Debug|Any CPU
		{52CCF782-B1B9-4359-A9D6-4F3851A79151}.Release|Any CPU.ActiveCfg = Release|Any CPU
		{52CCF782-B1B9-4359-A9D6-4F3851A79151}.Release|Any CPU.Build.0 = Release|Any CPU
	EndGlobalSection
	GlobalSection(SolutionProperties) = preSolution
		HideSolutionNode = FALSE
	EndGlobalSection
	GlobalSection(ExtensibilityGlobals) = postSolution
		SolutionGuid = {11439C52-2A24-4A9C-AF3C-EF0F53EE8206}
	EndGlobalSection
EndGlobal
